{
  "name": "nanohelpers",
  "version": "1.0.0",
  "lockfileVersion": 3,
  "requires": true,
  "packages": {
    "": {
      "name": "nanohelpers",
      "version": "1.0.0",
      "license": "ISC",
      "dependencies": {
        "nanostores": "^0.9.2"
      }
    },
    "node_modules/nanostores": {
      "version": "0.9.3",
      "resolved": "https://registry.npmjs.org/nanostores/-/nanostores-0.9.3.tgz",
      "integrity": "sha512-KobZjcVyNndNrb5DAjfs0WG0lRcZu5Q1BOrfTOxokFLi25zFrWPjg+joXC6kuDqNfSt9fQwppyjUBkRPtsL+8w==",
      "funding": [
        {
          "type": "github",
          "url": "https://github.com/sponsors/ai"
        }
      ],
      "engines": {
        "node": "^16.0.0 || ^18.0.0 || >=20.0.0"
      }
    }
  }
}
