lockfileVersion: '6.0'

dependencies:
  lit:
    specifier: ^2.7.5
    version: 2.7.5
  lit-html:
    specifier: ^2.7.4
    version: 2.7.4
  nanostores:
    specifier: ^0.9.2
    version: 0.9.2

packages:

  /@lit-labs/ssr-dom-shim@1.1.1:
    resolution: {integrity: sha512-kXOeFbfCm4fFf2A3WwVEeQj55tMZa8c8/f9AKHMobQMkzNUfUj+antR3fRPaZJawsa1aZiP/Da3ndpZrwEe4rQ==}
    dev: false

  /@lit/reactive-element@1.6.2:
    resolution: {integrity: sha512-rDfl+QnCYjuIGf5xI2sVJWdYIi56CTCwWa+nidKYX6oIuBYwUbT/vX4qbUDlHiZKJ/3FRNQ/tWJui44p6/stSA==}
    dependencies:
      '@lit-labs/ssr-dom-shim': 1.1.1
    dev: false

  /@types/trusted-types@2.0.3:
    resolution: {integrity: sha512-NfQ4gyz38SL8sDNrSixxU2Os1a5xcdFxipAFxYEuLUlvU2uDwS4NUpsImcf1//SlWItCVMMLiylsxbmNMToV/g==}
    dev: false

  /lit-element@3.3.2:
    resolution: {integrity: sha512-xXAeVWKGr4/njq0rGC9dethMnYCq5hpKYrgQZYTzawt9YQhMiXfD+T1RgrdY3NamOxwq2aXlb0vOI6e29CKgVQ==}
    dependencies:
      '@lit-labs/ssr-dom-shim': 1.1.1
      '@lit/reactive-element': 1.6.2
      lit-html: 2.7.4
    dev: false

  /lit-html@2.7.4:
    resolution: {integrity: sha512-/Jw+FBpeEN+z8X6PJva5n7+0MzCVAH2yypN99qHYYkq8bI+j7I39GH+68Z/MZD6rGKDK9RpzBw7CocfmHfq6+g==}
    dependencies:
      '@types/trusted-types': 2.0.3
    dev: false

  /lit@2.7.5:
    resolution: {integrity: sha512-i/cH7Ye6nBDUASMnfwcictBnsTN91+aBjXoTHF2xARghXScKxpD4F4WYI+VLXg9lqbMinDfvoI7VnZXjyHgdfQ==}
    dependencies:
      '@lit/reactive-element': 1.6.2
      lit-element: 3.3.2
      lit-html: 2.7.4
    dev: false

  /nanostores@0.9.2:
    resolution: {integrity: sha512-wfKlqLGtOYV9+qzGveqDOSWZUBgTeMr/g+JzfV/GofXQ//0wp0cgHF+QBVlmNH/JW9YA9QN+vR6N0vpniPpARA==}
    engines: {node: ^16.0.0 || ^18.0.0 || >=20.0.0}
    dev: false
